// !$*UTF8*$!
{
	archiveVersion = 1;
	classes = {
	};
	objectVersion = 46;
	objects = {

/* Begin PBXBuildFile section */
		29D82BBC1F4DD8750059CE13 /* AppDelegate.swift in Sources */ = {isa = PBXBuildFile; fileRef = 29D82BBB1F4DD8750059CE13 /* AppDelegate.swift */; };
		29D82BBE1F4DD8750059CE13 /* MainVC.swift in Sources */ = {isa = PBXBuildFile; fileRef = 29D82BBD1F4DD8750059CE13 /* MainVC.swift */; };
		29D82BC11F4DD8750059CE13 /* Main.storyboard in Resources */ = {isa = PBXBuildFile; fileRef = 29D82BBF1F4DD8750059CE13 /* Main.storyboard */; };
		29D82BC31F4DD8750059CE13 /* Assets.xcassets in Resources */ = {isa = PBXBuildFile; fileRef = 29D82BC21F4DD8750059CE13 /* Assets.xcassets */; };
		29D82BC61F4DD8750059CE13 /* LaunchScreen.storyboard in Resources */ = {isa = PBXBuildFile; fileRef = 29D82BC41F4DD8750059CE13 /* LaunchScreen.storyboard */; };
		29D82BD11F4DD8750059CE13 /* TacoPopTests.swift in Sources */ = {isa = PBXBuildFile; fileRef = 29D82BD01F4DD8750059CE13 /* TacoPopTests.swift */; };
		29D82BE41F4DE1930059CE13 /* Dropshadow.swift in Sources */ = {isa = PBXBuildFile; fileRef = 29D82BE31F4DE1930059CE13 /* Dropshadow.swift */; };
		29D82BE61F4DE2450059CE13 /* HeaderView.swift in Sources */ = {isa = PBXBuildFile; fileRef = 29D82BE51F4DE2450059CE13 /* HeaderView.swift */; };
		29D82BE81F4DE8800059CE13 /* Taco.swift in Sources */ = {isa = PBXBuildFile; fileRef = 29D82BE71F4DE8800059CE13 /* Taco.swift */; };
		29D82BEA1F4DF0CD0059CE13 /* DataService.swift in Sources */ = {isa = PBXBuildFile; fileRef = 29D82BE91F4DF0CD0059CE13 /* DataService.swift */; };
		29D82BF11F4DFDB20059CE13 /* TacoCell.swift in Sources */ = {isa = PBXBuildFile; fileRef = 29D82BEF1F4DFDB20059CE13 /* TacoCell.swift */; };
		29D82BF21F4DFDB20059CE13 /* TacoCell.xib in Resources */ = {isa = PBXBuildFile; fileRef = 29D82BF01F4DFDB20059CE13 /* TacoCell.xib */; };
		29D82BF41F4E0C470059CE13 /* Reusableview.swift in Sources */ = {isa = PBXBuildFile; fileRef = 29D82BF31F4E0C470059CE13 /* Reusableview.swift */; };
		29D82BF61F4E0D5C0059CE13 /* nibLoadableView.swift in Sources */ = {isa = PBXBuildFile; fileRef = 29D82BF51F4E0D5C0059CE13 /* nibLoadableView.swift */; };
		29D82BF81F4E156F0059CE13 /* UIcollectionView+ext.swift in Sources */ = {isa = PBXBuildFile; fileRef = 29D82BF71F4E156F0059CE13 /* UIcollectionView+ext.swift */; };
		29D82BFA1F4E25FA0059CE13 /* Shakable.swift in Sources */ = {isa = PBXBuildFile; fileRef = 29D82BF91F4E25FA0059CE13 /* Shakable.swift */; };
/* End PBXBuildFile section */

/* Begin PBXContainerItemProxy section */
		29D82BCD1F4DD8750059CE13 /* PBXContainerItemProxy */ = {
			isa = PBXContainerItemProxy;
			containerPortal = 29D82BB01F4DD8750059CE13 /* Project object */;
			proxyType = 1;
			remoteGlobalIDString = 29D82BB71F4DD8750059CE13;
			remoteInfo = TacoPop;
		};
/* End PBXContainerItemProxy section */

/* Begin PBXFileReference section */
		29D82BB81F4DD8750059CE13 /* TacoPop.app */ = {isa = PBXFileReference; explicitFileType = wrapper.application; includeInIndex = 0; path = TacoPop.app; sourceTree = BUILT_PRODUCTS_DIR; };
		29D82BBB1F4DD8750059CE13 /* AppDelegate.swift */ = {isa = PBXFileReference; lastKnownFileType = sourcecode.swift; path = AppDelegate.swift; sourceTree = "<group>"; };
		29D82BBD1F4DD8750059CE13 /* MainVC.swift */ = {isa = PBXFileReference; lastKnownFileType = sourcecode.swift; path = MainVC.swift; sourceTree = "<group>"; };
		29D82BC01F4DD8750059CE13 /* Base */ = {isa = PBXFileReference; lastKnownFileType = file.storyboard; name = Base; path = Base.lproj/Main.storyboard; sourceTree = "<group>"; };
		29D82BC21F4DD8750059CE13 /* Assets.xcassets */ = {isa = PBXFileReference; lastKnownFileType = folder.assetcatalog; path = Assets.xcassets; sourceTree = "<group>"; };
		29D82BC51F4DD8750059CE13 /* Base */ = {isa = PBXFileReference; lastKnownFileType = file.storyboard; name = Base; path = Base.lproj/LaunchScreen.storyboard; sourceTree = "<group>"; };
		29D82BC71F4DD8750059CE13 /* Info.plist */ = {isa = PBXFileReference; lastKnownFileType = text.plist.xml; path = Info.plist; sourceTree = "<group>"; };
		29D82BCC1F4DD8750059CE13 /* TacoPopTests.xctest */ = {isa = PBXFileReference; explicitFileType = wrapper.cfbundle; includeInIndex = 0; path = TacoPopTests.xctest; sourceTree = BUILT_PRODUCTS_DIR; };
		29D82BD01F4DD8750059CE13 /* TacoPopTests.swift */ = {isa = PBXFileReference; lastKnownFileType = sourcecode.swift; path = TacoPopTests.swift; sourceTree = "<group>"; };
		29D82BD21F4DD8750059CE13 /* Info.plist */ = {isa = PBXFileReference; lastKnownFileType = text.plist.xml; path = Info.plist; sourceTree = "<group>"; };
		29D82BE31F4DE1930059CE13 /* Dropshadow.swift */ = {isa = PBXFileReference; fileEncoding = 4; lastKnownFileType = sourcecode.swift; path = Dropshadow.swift; sourceTree = "<group>"; };
		29D82BE51F4DE2450059CE13 /* HeaderView.swift */ = {isa = PBXFileReference; fileEncoding = 4; lastKnownFileType = sourcecode.swift; path = HeaderView.swift; sourceTree = "<group>"; };
		29D82BE71F4DE8800059CE13 /* Taco.swift */ = {isa = PBXFileReference; fileEncoding = 4; lastKnownFileType = sourcecode.swift; path = Taco.swift; sourceTree = "<group>"; };
		29D82BE91F4DF0CD0059CE13 /* DataService.swift */ = {isa = PBXFileReference; fileEncoding = 4; lastKnownFileType = sourcecode.swift; path = DataService.swift; sourceTree = "<group>"; };
		29D82BEF1F4DFDB20059CE13 /* TacoCell.swift */ = {isa = PBXFileReference; fileEncoding = 4; lastKnownFileType = sourcecode.swift; path = TacoCell.swift; sourceTree = "<group>"; };
		29D82BF01F4DFDB20059CE13 /* TacoCell.xib */ = {isa = PBXFileReference; fileEncoding = 4; lastKnownFileType = file.xib; path = TacoCell.xib; sourceTree = "<group>"; };
		29D82BF31F4E0C470059CE13 /* Reusableview.swift */ = {isa = PBXFileReference; fileEncoding = 4; lastKnownFileType = sourcecode.swift; path = Reusableview.swift; sourceTree = "<group>"; };
		29D82BF51F4E0D5C0059CE13 /* nibLoadableView.swift */ = {isa = PBXFileReference; fileEncoding = 4; lastKnownFileType = sourcecode.swift; path = nibLoadableView.swift; sourceTree = "<group>"; };
		29D82BF71F4E156F0059CE13 /* UIcollectionView+ext.swift */ = {isa = PBXFileReference; fileEncoding = 4; lastKnownFileType = sourcecode.swift; path = "UIcollectionView+ext.swift"; sourceTree = "<group>"; };
		29D82BF91F4E25FA0059CE13 /* Shakable.swift */ = {isa = PBXFileReference; fileEncoding = 4; lastKnownFileType = sourcecode.swift; path = Shakable.swift; sourceTree = "<group>"; };
/* End PBXFileReference section */

/* Begin PBXFrameworksBuildPhase section */
		29D82BB51F4DD8750059CE13 /* Frameworks */ = {
			isa = PBXFrameworksBuildPhase;
			buildActionMask = 2147483647;
			files = (
			);
			runOnlyForDeploymentPostprocessing = 0;
		};
		29D82BC91F4DD8750059CE13 /* Frameworks */ = {
			isa = PBXFrameworksBuildPhase;
			buildActionMask = 2147483647;
			files = (
			);
			runOnlyForDeploymentPostprocessing = 0;
		};
/* End PBXFrameworksBuildPhase section */

/* Begin PBXGroup section */
		29D82BAF1F4DD8750059CE13 = {
			isa = PBXGroup;
			children = (
				29D82BBA1F4DD8750059CE13 /* TacoPop */,
				29D82BCF1F4DD8750059CE13 /* TacoPopTests */,
				29D82BB91F4DD8750059CE13 /* Products */,
			);
			sourceTree = "<group>";
		};
		29D82BB91F4DD8750059CE13 /* Products */ = {
			isa = PBXGroup;
			children = (
				29D82BB81F4DD8750059CE13 /* TacoPop.app */,
				29D82BCC1F4DD8750059CE13 /* TacoPopTests.xctest */,
			);
			name = Products;
			sourceTree = "<group>";
		};
		29D82BBA1F4DD8750059CE13 /* TacoPop */ = {
			isa = PBXGroup;
			children = (
				29D82BDC1F4DDB8E0059CE13 /* Model */,
				29D82BDB1F4DDB850059CE13 /* View */,
				29D82BDD1F4DDB950059CE13 /* Controller */,
				29D82BDF1F4DDDDE0059CE13 /* Protocols */,
				29D82BE01F4DDDE40059CE13 /* extension */,
				29D82BDE1F4DDBAD0059CE13 /* Resources */,
			);
			path = TacoPop;
			sourceTree = "<group>";
		};
		29D82BCF1F4DD8750059CE13 /* TacoPopTests */ = {
			isa = PBXGroup;
			children = (
				29D82BD01F4DD8750059CE13 /* TacoPopTests.swift */,
				29D82BD21F4DD8750059CE13 /* Info.plist */,
			);
			path = TacoPopTests;
			sourceTree = "<group>";
		};
		29D82BDB1F4DDB850059CE13 /* View */ = {
			isa = PBXGroup;
			children = (
				29D82BBF1F4DD8750059CE13 /* Main.storyboard */,
				29D82BC41F4DD8750059CE13 /* LaunchScreen.storyboard */,
				29D82BE51F4DE2450059CE13 /* HeaderView.swift */,
				29D82BEF1F4DFDB20059CE13 /* TacoCell.swift */,
				29D82BF01F4DFDB20059CE13 /* TacoCell.xib */,
			);
			name = View;
			sourceTree = "<group>";
		};
		29D82BDC1F4DDB8E0059CE13 /* Model */ = {
			isa = PBXGroup;
			children = (
				29D82BE71F4DE8800059CE13 /* Taco.swift */,
				29D82BE91F4DF0CD0059CE13 /* DataService.swift */,
			);
			name = Model;
			sourceTree = "<group>";
		};
		29D82BDD1F4DDB950059CE13 /* Controller */ = {
			isa = PBXGroup;
			children = (
				29D82BBD1F4DD8750059CE13 /* MainVC.swift */,
				29D82BBB1F4DD8750059CE13 /* AppDelegate.swift */,
			);
			name = Controller;
			sourceTree = "<group>";
		};
		29D82BDE1F4DDBAD0059CE13 /* Resources */ = {
			isa = PBXGroup;
			children = (
				29D82BC21F4DD8750059CE13 /* Assets.xcassets */,
				29D82BC71F4DD8750059CE13 /* Info.plist */,
			);
			name = Resources;
			sourceTree = "<group>";
		};
		29D82BDF1F4DDDDE0059CE13 /* Protocols */ = {
			isa = PBXGroup;
			children = (
				29D82BE31F4DE1930059CE13 /* Dropshadow.swift */,
				29D82BF31F4E0C470059CE13 /* Reusableview.swift */,
				29D82BF51F4E0D5C0059CE13 /* nibLoadableView.swift */,
			);
			name = Protocols;
			sourceTree = "<group>";
		};
		29D82BE01F4DDDE40059CE13 /* extension */ = {
			isa = PBXGroup;
			children = (
				29D82BF71F4E156F0059CE13 /* UIcollectionView+ext.swift */,
				29D82BF91F4E25FA0059CE13 /* Shakable.swift */,
			);
			name = extension;
			sourceTree = "<group>";
		};
/* End PBXGroup section */

/* Begin PBXNativeTarget section */
		29D82BB71F4DD8750059CE13 /* TacoPop */ = {
			isa = PBXNativeTarget;
			buildConfigurationList = 29D82BD51F4DD8750059CE13 /* Build configuration list for PBXNativeTarget "TacoPop" */;
			buildPhases = (
				29D82BB41F4DD8750059CE13 /* Sources */,
				29D82BB51F4DD8750059CE13 /* Frameworks */,
				29D82BB61F4DD8750059CE13 /* Resources */,
			);
			buildRules = (
			);
			dependencies = (
			);
			name = TacoPop;
			productName = TacoPop;
			productReference = 29D82BB81F4DD8750059CE13 /* TacoPop.app */;
			productType = "com.apple.product-type.application";
		};
		29D82BCB1F4DD8750059CE13 /* TacoPopTests */ = {
			isa = PBXNativeTarget;
			buildConfigurationList = 29D82BD81F4DD8750059CE13 /* Build configuration list for PBXNativeTarget "TacoPopTests" */;
			buildPhases = (
				29D82BC81F4DD8750059CE13 /* Sources */,
				29D82BC91F4DD8750059CE13 /* Frameworks */,
				29D82BCA1F4DD8750059CE13 /* Resources */,
			);
			buildRules = (
			);
			dependencies = (
				29D82BCE1F4DD8750059CE13 /* PBXTargetDependency */,
			);
			name = TacoPopTests;
			productName = TacoPopTests;
			productReference = 29D82BCC1F4DD8750059CE13 /* TacoPopTests.xctest */;
			productType = "com.apple.product-type.bundle.unit-test";
		};
/* End PBXNativeTarget section */

/* Begin PBXProject section */
		29D82BB01F4DD8750059CE13 /* Project object */ = {
			isa = PBXProject;
			attributes = {
				LastSwiftUpdateCheck = 0830;
				LastUpgradeCheck = 0830;
				ORGANIZATIONNAME = "Kanishk Verma";
				TargetAttributes = {
					29D82BB71F4DD8750059CE13 = {
						CreatedOnToolsVersion = 8.3.3;
						ProvisioningStyle = Automatic;
					};
					29D82BCB1F4DD8750059CE13 = {
						CreatedOnToolsVersion = 8.3.3;
						ProvisioningStyle = Automatic;
						TestTargetID = 29D82BB71F4DD8750059CE13;
					};
				};
			};
			buildConfigurationList = 29D82BB31F4DD8750059CE13 /* Build configuration list for PBXProject "TacoPop" */;
			compatibilityVersion = "Xcode 3.2";
			developmentRegion = English;
			hasScannedForEncodings = 0;
			knownRegions = (
				en,
				Base,
			);
			mainGroup = 29D82BAF1F4DD8750059CE13;
			productRefGroup = 29D82BB91F4DD8750059CE13 /* Products */;
			projectDirPath = "";
			projectRoot = "";
			targets = (
				29D82BB71F4DD8750059CE13 /* TacoPop */,
				29D82BCB1F4DD8750059CE13 /* TacoPopTests */,
			);
		};
/* End PBXProject section */

/* Begin PBXResourcesBuildPhase section */
		29D82BB61F4DD8750059CE13 /* Resources */ = {
			isa = PBXResourcesBuildPhase;
			buildActionMask = 2147483647;
			files = (
				29D82BF21F4DFDB20059CE13 /* TacoCell.xib in Resources */,
				29D82BC61F4DD8750059CE13 /* LaunchScreen.storyboard in Resources */,
				29D82BC31F4DD8750059CE13 /* Assets.xcassets in Resources */,
				29D82BC11F4DD8750059CE13 /* Main.storyboard in Resources */,
			);
			runOnlyForDeploymentPostprocessing = 0;
		};
		29D82BCA1F4DD8750059CE13 /* Resources */ = {
			isa = PBXResourcesBuildPhase;
			buildActionMask = 2147483647;
			files = (
			);
			runOnlyForDeploymentPostprocessing = 0;
		};
/* End PBXResourcesBuildPhase section */

/* Begin PBXSourcesBuildPhase section */
		29D82BB41F4DD8750059CE13 /* Sources */ = {
			isa = PBXSourcesBuildPhase;
			buildActionMask = 2147483647;
			files = (
				29D82BF81F4E156F0059CE13 /* UIcollectionView+ext.swift in Sources */,
				29D82BFA1F4E25FA0059CE13 /* Shakable.swift in Sources */,
				29D82BF11F4DFDB20059CE13 /* TacoCell.swift in Sources */,
				29D82BE41F4DE1930059CE13 /* Dropshadow.swift in Sources */,
				29D82BBE1F4DD8750059CE13 /* MainVC.swift in Sources */,
				29D82BF61F4E0D5C0059CE13 /* nibLoadableView.swift in Sources */,
				29D82BF41F4E0C470059CE13 /* Reusableview.swift in Sources */,
				29D82BBC1F4DD8750059CE13 /* AppDelegate.swift in Sources */,
				29D82BEA1F4DF0CD0059CE13 /* DataService.swift in Sources */,
				29D82BE81F4DE8800059CE13 /* Taco.swift in Sources */,
				29D82BE61F4DE2450059CE13 /* HeaderView.swift in Sources */,
			);
			runOnlyForDeploymentPostprocessing = 0;
		};
		29D82BC81F4DD8750059CE13 /* Sources */ = {
			isa = PBXSourcesBuildPhase;
			buildActionMask = 2147483647;
			files = (
				29D82BD11F4DD8750059CE13 /* TacoPopTests.swift in Sources */,
			);
			runOnlyForDeploymentPostprocessing = 0;
		};
/* End PBXSourcesBuildPhase section */

/* Begin PBXTargetDependency section */
		29D82BCE1F4DD8750059CE13 /* PBXTargetDependency */ = {
			isa = PBXTargetDependency;
			target = 29D82BB71F4DD8750059CE13 /* TacoPop */;
			targetProxy = 29D82BCD1F4DD8750059CE13 /* PBXContainerItemProxy */;
		};
/* End PBXTargetDependency section */

/* Begin PBXVariantGroup section */
		29D82BBF1F4DD8750059CE13 /* Main.storyboard */ = {
			isa = PBXVariantGroup;
			children = (
				29D82BC01F4DD8750059CE13 /* Base */,
			);
			name = Main.storyboard;
			sourceTree = "<group>";
		};
		29D82BC41F4DD8750059CE13 /* LaunchScreen.storyboard */ = {
			isa = PBXVariantGroup;
			children = (
				29D82BC51F4DD8750059CE13 /* Base */,
			);
			name = LaunchScreen.storyboard;
			sourceTree = "<group>";
		};
/* End PBXVariantGroup section */

/* Begin XCBuildConfiguration section */
		29D82BD31F4DD8750059CE13 /* Debug */ = {
			isa = XCBuildConfiguration;
			buildSettings = {
				ALWAYS_SEARCH_USER_PATHS = NO;
				CLANG_ANALYZER_NONNULL = YES;
				CLANG_ANALYZER_NUMBER_OBJECT_CONVERSION = YES_AGGRESSIVE;
				CLANG_CXX_LANGUAGE_STANDARD = "gnu++0x";
				CLANG_CXX_LIBRARY = "libc++";
				CLANG_ENABLE_MODULES = YES;
				CLANG_ENABLE_OBJC_ARC = YES;
				CLANG_WARN_BOOL_CONVERSION = YES;
				CLANG_WARN_CONSTANT_CONVERSION = YES;
				CLANG_WARN_DIRECT_OBJC_ISA_USAGE = YES_ERROR;
				CLANG_WARN_DOCUMENTATION_COMMENTS = YES;
				CLANG_WARN_EMPTY_BODY = YES;
				CLANG_WARN_ENUM_CONVERSION = YES;
				CLANG_WARN_INFINITE_RECURSION = YES;
				CLANG_WARN_INT_CONVERSION = YES;
				CLANG_WARN_OBJC_ROOT_CLASS = YES_ERROR;
				CLANG_WARN_SUSPICIOUS_MOVE = YES;
				CLANG_WARN_UNREACHABLE_CODE = YES;
				CLANG_WARN__DUPLICATE_METHOD_MATCH = YES;
				"CODE_SIGN_IDENTITY[sdk=iphoneos*]" = "iPhone Developer";
				COPY_PHASE_STRIP = NO;
				DEBUG_INFORMATION_FORMAT = dwarf;
				ENABLE_STRICT_OBJC_MSGSEND = YES;
				ENABLE_TESTABILITY = YES;
				GCC_C_LANGUAGE_STANDARD = gnu99;
				GCC_DYNAMIC_NO_PIC = NO;
				GCC_NO_COMMON_BLOCKS = YES;
				GCC_OPTIMIZATION_LEVEL = 0;
				GCC_PREPROCESSOR_DEFINITIONS = (
					"DEBUG=1",
					"$(inherited)",
				);
				GCC_WARN_64_TO_32_BIT_CONVERSION = YES;
				GCC_WARN_ABOUT_RETURN_TYPE = YES_ERROR;
				GCC_WARN_UNDECLARED_SELECTOR = YES;
				GCC_WARN_UNINITIALIZED_AUTOS = YES_AGGRESSIVE;
				GCC_WARN_UNUSED_FUNCTION = YES;
				GCC_WARN_UNUSED_VARIABLE = YES;
				IPHONEOS_DEPLOYMENT_TARGET = 10.3;
				MTL_ENABLE_DEBUG_INFO = YES;
				ONLY_ACTIVE_ARCH = YES;
				SDKROOT = iphoneos;
				SWIFT_ACTIVE_COMPILATION_CONDITIONS = DEBUG;
				SWIFT_OPTIMIZATION_LEVEL = "-Onone";
				TARGETED_DEVICE_FAMILY = "1,2";
			};
			name = Debug;
		};
		29D82BD41F4DD8750059CE13 /* Release */ = {
			isa = XCBuildConfiguration;
			buildSettings = {
				ALWAYS_SEARCH_USER_PATHS = NO;
				CLANG_ANALYZER_NONNULL = YES;
				CLANG_ANALYZER_NUMBER_OBJECT_CONVERSION = YES_AGGRESSIVE;
				CLANG_CXX_LANGUAGE_STANDARD = "gnu++0x";
				CLANG_CXX_LIBRARY = "libc++";
				CLANG_ENABLE_MODULES = YES;
				CLANG_ENABLE_OBJC_ARC = YES;
				CLANG_WARN_BOOL_CONVERSION = YES;
				CLANG_WARN_CONSTANT_CONVERSION = YES;
				CLANG_WARN_DIRECT_OBJC_ISA_USAGE = YES_ERROR;
				CLANG_WARN_DOCUMENTATION_COMMENTS = YES;
				CLANG_WARN_EMPTY_BODY = YES;
				CLANG_WARN_ENUM_CONVERSION = YES;
				CLANG_WARN_INFINITE_RECURSION = YES;
				CLANG_WARN_INT_CONVERSION = YES;
				CLANG_WARN_OBJC_ROOT_CLASS = YES_ERROR;
				CLANG_WARN_SUSPICIOUS_MOVE = YES;
				CLANG_WARN_UNREACHABLE_CODE = YES;
				CLANG_WARN__DUPLICATE_METHOD_MATCH = YES;
				"CODE_SIGN_IDENTITY[sdk=iphoneos*]" = "iPhone Developer";
				COPY_PHASE_STRIP = NO;
				DEBUG_INFORMATION_FORMAT = "dwarf-with-dsym";
				ENABLE_NS_ASSERTIONS = NO;
				ENABLE_STRICT_OBJC_MSGSEND = YES;
				GCC_C_LANGUAGE_STANDARD = gnu99;
				GCC_NO_COMMON_BLOCKS = YES;
				GCC_WARN_64_TO_32_BIT_CONVERSION = YES;
				GCC_WARN_ABOUT_RETURN_TYPE = YES_ERROR;
				GCC_WARN_UNDECLARED_SELECTOR = YES;
				GCC_WARN_UNINITIALIZED_AUTOS = YES_AGGRESSIVE;
				GCC_WARN_UNUSED_FUNCTION = YES;
				GCC_WARN_UNUSED_VARIABLE = YES;
				IPHONEOS_DEPLOYMENT_TARGET = 10.3;
				MTL_ENABLE_DEBUG_INFO = NO;
				SDKROOT = iphoneos;
				SWIFT_OPTIMIZATION_LEVEL = "-Owholemodule";
				TARGETED_DEVICE_FAMILY = "1,2";
				VALIDATE_PRODUCT = YES;
			};
			name = Release;
		};
		29D82BD61F4DD8750059CE13 /* Debug */ = {
			isa = XCBuildConfiguration;
			buildSettings = {
				ASSETCATALOG_COMPILER_APPICON_NAME = AppIcon;
				INFOPLIST_FILE = TacoPop/Info.plist;
				LD_RUNPATH_SEARCH_PATHS = "$(inherited) @executable_path/Frameworks";
				PRODUCT_BUNDLE_IDENTIFIER = terror.TacoPop;
				PRODUCT_NAME = "$(TARGET_NAME)";
				SWIFT_VERSION = 3.0;
			};
			name = Debug;
		};
		29D82BD71F4DD8750059CE13 /* Release */ = {
			isa = XCBuildConfiguration;
			buildSettings = {
				ASSETCATALOG_COMPILER_APPICON_NAME = AppIcon;
				INFOPLIST_FILE = TacoPop/Info.plist;
				LD_RUNPATH_SEARCH_PATHS = "$(inherited) @executable_path/Frameworks";
				PRODUCT_BUNDLE_IDENTIFIER = terror.TacoPop;
				PRODUCT_NAME = "$(TARGET_NAME)";
				SWIFT_VERSION = 3.0;
			};
			name = Release;
		};
		29D82BD91F4DD8750059CE13 /* Debug */ = {
			isa = XCBuildConfiguration;
			buildSettings = {
				ALWAYS_EMBED_SWIFT_STANDARD_LIBRARIES = YES;
				BUNDLE_LOADER = "$(TEST_HOST)";
				INFOPLIST_FILE = TacoPopTests/Info.plist;
				LD_RUNPATH_SEARCH_PATHS = "$(inherited) @executable_path/Frameworks @loader_path/Frameworks";
				PRODUCT_BUNDLE_IDENTIFIER = terror.TacoPopTests;
				PRODUCT_NAME = "$(TARGET_NAME)";
				SWIFT_VERSION = 3.0;
				TEST_HOST = "$(BUILT_PRODUCTS_DIR)/TacoPop.app/TacoPop";
			};
			name = Debug;
		};
		29D82BDA1F4DD8750059CE13 /* Release */ = {
			isa = XCBuildConfiguration;
			buildSettings = {
				ALWAYS_EMBED_SWIFT_STANDARD_LIBRARIES = YES;
				BUNDLE_LOADER = "$(TEST_HOST)";
				INFOPLIST_FILE = TacoPopTests/Info.plist;
				LD_RUNPATH_SEARCH_PATHS = "$(inherited) @executable_path/Frameworks @loader_path/Frameworks";
				PRODUCT_BUNDLE_IDENTIFIER = terror.TacoPopTests;
				PRODUCT_NAME = "$(TARGET_NAME)";
				SWIFT_VERSION = 3.0;
				TEST_HOST = "$(BUILT_PRODUCTS_DIR)/TacoPop.app/TacoPop";
			};
			name = Release;
		};
/* End XCBuildConfiguration section */

/* Begin XCConfigurationList section */
		29D82BB31F4DD8750059CE13 /* Build configuration list for PBXProject "TacoPop" */ = {
			isa = XCConfigurationList;
			buildConfigurations = (
				29D82BD31F4DD8750059CE13 /* Debug */,
				29D82BD41F4DD8750059CE13 /* Release */,
			);
			defaultConfigurationIsVisible = 0;
			defaultConfigurationName = Release;
		};
		29D82BD51F4DD8750059CE13 /* Build configuration list for PBXNativeTarget "TacoPop" */ = {
			isa = XCConfigurationList;
			buildConfigurations = (
				29D82BD61F4DD8750059CE13 /* Debug */,
				29D82BD71F4DD8750059CE13 /* Release */,
			);
			defaultConfigurationIsVisible = 0;
			defaultConfigurationName = Release;
		};
		29D82BD81F4DD8750059CE13 /* Build configuration list for PBXNativeTarget "TacoPopTests" */ = {
			isa = XCConfigurationList;
			buildConfigurations = (
				29D82BD91F4DD8750059CE13 /* Debug */,
				29D82BDA1F4DD8750059CE13 /* Release */,
			);
			defaultConfigurationIsVisible = 0;
			defaultConfigurationName = Release;
		};
/* End XCConfigurationList section */
	};
	rootObject = 29D82BB01F4DD8750059CE13 /* Project object */;
}
